
Microsoft Visual Studio Solution File, Format Version 12.00
# Visual Studio Version 17
VisualStudioVersion = 17.0.31903.59
MinimumVisualStudioVersion = 10.0.40219.1
Project("{2150E333-8FDC-42A3-9474-1A3956D46DE8}") = "src", "src", "{7806AD15-252B-4AC7-9F5C-348EF5BAD655}"
EndProject
Project("{2150E333-8FDC-42A3-9474-1A3956D46DE8}") = "tests", "tests", "{82E40E71-7362-4371-BE1E-B703A80BF542}"
EndProject
Project("{9A19103F-16F7-4668-BE54-9A1E7A4F7556}") = "api", "src\api.csproj", "{45519A22-29FD-4146-B1BE-43361A317C88}"
EndProject
Project("{9A19103F-16F7-4668-BE54-9A1E7A4F7556}") = "api.test", "tests\api.test.csproj", "{20F6FB9C-8942-425C-A674-7AC2614CCB32}"
EndProject
Global
	GlobalSection(SolutionConfigurationPlatforms) = preSolution
		Debug|Any CPU = Debug|Any CPU
		Release|Any CPU = Release|Any CPU
	EndGlobalSection
	GlobalSection(ProjectConfigurationPlatforms) = postSolution
		{45519A22-29FD-4146-B1BE-43361A317C88}.Debug|Any CPU.ActiveCfg = Debug|Any CPU
		{45519A22-29FD-4146-B1BE-43361A317C88}.Debug|Any CPU.Build.0 = Debug|Any CPU
		{45519A22-29FD-4146-B1BE-43361A317C88}.Release|Any CPU.ActiveCfg = Release|Any CPU
		{45519A22-29FD-4146-B1BE-43361A317C88}.Release|Any CPU.Build.0 = Release|Any CPU
		{20F6FB9C-8942-425C-A674-7AC2614CCB32}.Debug|Any CPU.ActiveCfg = Debug|Any CPU
		{20F6FB9C-8942-425C-A674-7AC2614CCB32}.Debug|Any CPU.Build.0 = Debug|Any CPU
		{20F6FB9C-8942-425C-A674-7AC2614CCB32}.Release|Any CPU.ActiveCfg = Release|Any CPU
		{20F6FB9C-8942-425C-A674-7AC2614CCB32}.Release|Any CPU.Build.0 = Release|Any CPU
	EndGlobalSection
	GlobalSection(SolutionProperties) = preSolution
		HideSolutionNode = FALSE
	EndGlobalSection
	GlobalSection(NestedProjects) = preSolution
		{45519A22-29FD-4146-B1BE-43361A317C88} = {7806AD15-252B-4AC7-9F5C-348EF5BAD655}
		{20F6FB9C-8942-425C-A674-7AC2614CCB32} = {82E40E71-7362-4371-BE1E-B703A80BF542}
	EndGlobalSection
EndGlobal
